
Microsoft Visual Studio Solution File, Format Version 12.00
# Visual Studio Version 17
VisualStudioVersion = 17.7.34031.279
MinimumVisualStudioVersion = 10.0.40219.1
Project("{FAE04EC0-301F-11D3-BF4B-00C04F79EFBC}") = "FinalChallenge", "FinalChallenge\FinalChallenge.csproj", "{9708FF00-12B7-4061-9213-40DDB1EAE011}"
EndProject
Global
	GlobalSection(SolutionConfigurationPlatforms) = preSolution
		Debug|Any CPU = Debug|Any CPU
		Release|Any CPU = Release|Any CPU
	EndGlobalSection
	GlobalSection(ProjectConfigurationPlatforms) = postSolution
		{9708FF00-12B7-4061-9213-40DDB1EAE011}.Debug|Any CPU.ActiveCfg = Debug|Any CPU
		{9708FF00-12B7-4061-9213-40DDB1EAE011}.Debug|Any CPU.Build.0 = Debug|Any CPU
		{9708FF00-12B7-4061-9213-40DDB1EAE011}.Release|Any CPU.ActiveCfg = Release|Any CPU
		{9708FF00-12B7-4061-9213-40DDB1EAE011}.Release|Any CPU.Build.0 = Release|Any CPU
	EndGlobalSection
	GlobalSection(SolutionProperties) = preSolution
		HideSolutionNode = FALSE
	EndGlobalSection
	GlobalSection(ExtensibilityGlobals) = postSolution
		SolutionGuid = {BCB236E2-EDED-41B7-9C21-F4B434611ECD}
	EndGlobalSection
EndGlobal
