
Microsoft Visual Studio Solution File, Format Version 12.00
# Visual Studio Version 16
VisualStudioVersion = 16.0.33927.289
MinimumVisualStudioVersion = 10.0.40219.1
Project("{FAE04EC0-301F-11D3-BF4B-00C04F79EFBC}") = "MultipartConsoleApp", "MultipartConsoleApp\MultipartConsoleApp.csproj", "{34F8CAB9-D5B6-4739-B77E-C7489396E866}"
EndProject
Global
	GlobalSection(SolutionConfigurationPlatforms) = preSolution
		Debug|Any CPU = Debug|Any CPU
		Release|Any CPU = Release|Any CPU
	EndGlobalSection
	GlobalSection(ProjectConfigurationPlatforms) = postSolution
		{34F8CAB9-D5B6-4739-B77E-C7489396E866}.Debug|Any CPU.ActiveCfg = Debug|Any CPU
		{34F8CAB9-D5B6-4739-B77E-C7489396E866}.Debug|Any CPU.Build.0 = Debug|Any CPU
		{34F8CAB9-D5B6-4739-B77E-C7489396E866}.Release|Any CPU.ActiveCfg = Release|Any CPU
		{34F8CAB9-D5B6-4739-B77E-C7489396E866}.Release|Any CPU.Build.0 = Release|Any CPU
	EndGlobalSection
	GlobalSection(SolutionProperties) = preSolution
		HideSolutionNode = FALSE
	EndGlobalSection
	GlobalSection(ExtensibilityGlobals) = postSolution
		SolutionGuid = {AB8568EC-C3F1-4D05-A8B4-3159ECF6FBE1}
	EndGlobalSection
EndGlobal
