
Microsoft Visual Studio Solution File, Format Version 12.00
# Visual Studio Version 16
VisualStudioVersion = 16.0.33927.289
MinimumVisualStudioVersion = 10.0.40219.1
Project("{FAE04EC0-301F-11D3-BF4B-00C04F79EFBC}") = "DateTime_1", "DateTime_1\DateTime_1.csproj", "{68DCE28D-9ED6-4B55-8126-5FFB71E08E88}"
EndProject
Global
	GlobalSection(SolutionConfigurationPlatforms) = preSolution
		Debug|Any CPU = Debug|Any CPU
		Release|Any CPU = Release|Any CPU
	EndGlobalSection
	GlobalSection(ProjectConfigurationPlatforms) = postSolution
		{68DCE28D-9ED6-4B55-8126-5FFB71E08E88}.Debug|Any CPU.ActiveCfg = Debug|Any CPU
		{68DCE28D-9ED6-4B55-8126-5FFB71E08E88}.Debug|Any CPU.Build.0 = Debug|Any CPU
		{68DCE28D-9ED6-4B55-8126-5FFB71E08E88}.Release|Any CPU.ActiveCfg = Release|Any CPU
		{68DCE28D-9ED6-4B55-8126-5FFB71E08E88}.Release|Any CPU.Build.0 = Release|Any CPU
	EndGlobalSection
	GlobalSection(SolutionProperties) = preSolution
		HideSolutionNode = FALSE
	EndGlobalSection
	GlobalSection(ExtensibilityGlobals) = postSolution
		SolutionGuid = {635AC23D-18AF-426C-A228-659AF66D89ED}
	EndGlobalSection
EndGlobal
