
Microsoft Visual Studio Solution File, Format Version 12.00
# Visual Studio Version 17
VisualStudioVersion = 17.7.34031.279
MinimumVisualStudioVersion = 10.0.40219.1
Project("{FAE04EC0-301F-11D3-BF4B-00C04F79EFBC}") = "AzureApp", "AzureApp\AzureApp.csproj", "{78A1C5B4-2984-4C79-B6F9-238427402304}"
EndProject
Global
	GlobalSection(SolutionConfigurationPlatforms) = preSolution
		Debug|Any CPU = Debug|Any CPU
		Release|Any CPU = Release|Any CPU
	EndGlobalSection
	GlobalSection(ProjectConfigurationPlatforms) = postSolution
		{78A1C5B4-2984-4C79-B6F9-238427402304}.Debug|Any CPU.ActiveCfg = Debug|Any CPU
		{78A1C5B4-2984-4C79-B6F9-238427402304}.Debug|Any CPU.Build.0 = Debug|Any CPU
		{78A1C5B4-2984-4C79-B6F9-238427402304}.Release|Any CPU.ActiveCfg = Release|Any CPU
		{78A1C5B4-2984-4C79-B6F9-238427402304}.Release|Any CPU.Build.0 = Release|Any CPU
	EndGlobalSection
	GlobalSection(SolutionProperties) = preSolution
		HideSolutionNode = FALSE
	EndGlobalSection
	GlobalSection(ExtensibilityGlobals) = postSolution
		SolutionGuid = {8220DD5E-3146-4C0D-84F1-56CF93B391BF}
	EndGlobalSection
EndGlobal
