
Microsoft Visual Studio Solution File, Format Version 12.00
# Visual Studio Version 16
VisualStudioVersion = 16.0.33927.289
MinimumVisualStudioVersion = 10.0.40219.1
Project("{FAE04EC0-301F-11D3-BF4B-00C04F79EFBC}") = "StructAssignment1", "StructAssignment1\StructAssignment1.csproj", "{1AFE45DF-96B2-4C9C-B0EB-2C1BF837A6B2}"
EndProject
Global
	GlobalSection(SolutionConfigurationPlatforms) = preSolution
		Debug|Any CPU = Debug|Any CPU
		Release|Any CPU = Release|Any CPU
	EndGlobalSection
	GlobalSection(ProjectConfigurationPlatforms) = postSolution
		{1AFE45DF-96B2-4C9C-B0EB-2C1BF837A6B2}.Debug|Any CPU.ActiveCfg = Debug|Any CPU
		{1AFE45DF-96B2-4C9C-B0EB-2C1BF837A6B2}.Debug|Any CPU.Build.0 = Debug|Any CPU
		{1AFE45DF-96B2-4C9C-B0EB-2C1BF837A6B2}.Release|Any CPU.ActiveCfg = Release|Any CPU
		{1AFE45DF-96B2-4C9C-B0EB-2C1BF837A6B2}.Release|Any CPU.Build.0 = Release|Any CPU
	EndGlobalSection
	GlobalSection(SolutionProperties) = preSolution
		HideSolutionNode = FALSE
	EndGlobalSection
	GlobalSection(ExtensibilityGlobals) = postSolution
		SolutionGuid = {80FB4F88-BB0A-4112-9C29-CE76A8668FBD}
	EndGlobalSection
EndGlobal
