
Microsoft Visual Studio Solution File, Format Version 12.00
# Visual Studio Version 16
VisualStudioVersion = 16.0.33927.289
MinimumVisualStudioVersion = 10.0.40219.1
Project("{FAE04EC0-301F-11D3-BF4B-00C04F79EFBC}") = "NewsLetterApp", "NewsLetterApp\NewsLetterApp.csproj", "{9F5C254E-3709-4343-BFA5-CEFA0A51D11E}"
EndProject
Global
	GlobalSection(SolutionConfigurationPlatforms) = preSolution
		Debug|Any CPU = Debug|Any CPU
		Release|Any CPU = Release|Any CPU
	EndGlobalSection
	GlobalSection(ProjectConfigurationPlatforms) = postSolution
		{9F5C254E-3709-4343-BFA5-CEFA0A51D11E}.Debug|Any CPU.ActiveCfg = Debug|Any CPU
		{9F5C254E-3709-4343-BFA5-CEFA0A51D11E}.Debug|Any CPU.Build.0 = Debug|Any CPU
		{9F5C254E-3709-4343-BFA5-CEFA0A51D11E}.Release|Any CPU.ActiveCfg = Release|Any CPU
		{9F5C254E-3709-4343-BFA5-CEFA0A51D11E}.Release|Any CPU.Build.0 = Release|Any CPU
	EndGlobalSection
	GlobalSection(SolutionProperties) = preSolution
		HideSolutionNode = FALSE
	EndGlobalSection
	GlobalSection(ExtensibilityGlobals) = postSolution
		SolutionGuid = {22F8D9BF-1D26-415E-964E-04BF2E202FC0}
	EndGlobalSection
EndGlobal
